
Microsoft Visual Studio Solution File, Format Version 12.00
# Visual Studio Version 17
VisualStudioVersion = 17.8.34525.116
MinimumVisualStudioVersion = 10.0.40219.1
Project("{8BC9CEB8-8B4A-11D0-8D11-00A0C91BC942}") = "VMShellcode", "VMShellcode\VMShellcode.vcxproj", "{4A15AE19-0E12-4005-808E-0EAFF88E59A6}"
EndProject
Global
	GlobalSection(SolutionConfigurationPlatforms) = preSolution
		Debug|ARM64 = Debug|ARM64
		Debug|x64 = Debug|x64
		Release|ARM64 = Release|ARM64
		Release|x64 = Release|x64
	EndGlobalSection
	GlobalSection(ProjectConfigurationPlatforms) = postSolution
		{4A15AE19-0E12-4005-808E-0EAFF88E59A6}.Debug|ARM64.ActiveCfg = Debug|ARM64
		{4A15AE19-0E12-4005-808E-0EAFF88E59A6}.Debug|ARM64.Build.0 = Debug|ARM64
		{4A15AE19-0E12-4005-808E-0EAFF88E59A6}.Debug|ARM64.Deploy.0 = Debug|ARM64
		{4A15AE19-0E12-4005-808E-0EAFF88E59A6}.Debug|x64.ActiveCfg = Debug|x64
		{4A15AE19-0E12-4005-808E-0EAFF88E59A6}.Debug|x64.Build.0 = Debug|x64
		{4A15AE19-0E12-4005-808E-0EAFF88E59A6}.Debug|x64.Deploy.0 = Debug|x64
		{4A15AE19-0E12-4005-808E-0EAFF88E59A6}.Release|ARM64.ActiveCfg = Release|ARM64
		{4A15AE19-0E12-4005-808E-0EAFF88E59A6}.Release|ARM64.Build.0 = Release|ARM64
		{4A15AE19-0E12-4005-808E-0EAFF88E59A6}.Release|ARM64.Deploy.0 = Release|ARM64
		{4A15AE19-0E12-4005-808E-0EAFF88E59A6}.Release|x64.ActiveCfg = Release|x64
		{4A15AE19-0E12-4005-808E-0EAFF88E59A6}.Release|x64.Build.0 = Release|x64
		{4A15AE19-0E12-4005-808E-0EAFF88E59A6}.Release|x64.Deploy.0 = Release|x64
	EndGlobalSection
	GlobalSection(SolutionProperties) = preSolution
		HideSolutionNode = FALSE
	EndGlobalSection
	GlobalSection(ExtensibilityGlobals) = postSolution
		SolutionGuid = {ADB4CACC-F362-4849-8CE0-DC184E8A88E3}
	EndGlobalSection
EndGlobal
